
Microsoft Visual Studio Solution File, Format Version 12.00
# Visual Studio Version 16
VisualStudioVersion = 16.0.30503.244
MinimumVisualStudioVersion = 10.0.40219.1
Project("{FAE04EC0-301F-11D3-BF4B-00C04F79EFBC}") = "SpecflowAPITests", "SpecflowAPITests\SpecflowAPITests.csproj", "{FA288CCE-86AA-48D1-ADDB-2D3727AED1A5}"
EndProject
Global
	GlobalSection(SolutionConfigurationPlatforms) = preSolution
		Debug|Any CPU = Debug|Any CPU
		Release|Any CPU = Release|Any CPU
	EndGlobalSection
	GlobalSection(ProjectConfigurationPlatforms) = postSolution
		{FA288CCE-86AA-48D1-ADDB-2D3727AED1A5}.Debug|Any CPU.ActiveCfg = Debug|Any CPU
		{FA288CCE-86AA-48D1-ADDB-2D3727AED1A5}.Debug|Any CPU.Build.0 = Debug|Any CPU
		{FA288CCE-86AA-48D1-ADDB-2D3727AED1A5}.Release|Any CPU.ActiveCfg = Release|Any CPU
		{FA288CCE-86AA-48D1-ADDB-2D3727AED1A5}.Release|Any CPU.Build.0 = Release|Any CPU
	EndGlobalSection
	GlobalSection(SolutionProperties) = preSolution
		HideSolutionNode = FALSE
	EndGlobalSection
	GlobalSection(ExtensibilityGlobals) = postSolution
		SolutionGuid = {902EA175-4B11-415F-BB62-4A422A911D3F}
	EndGlobalSection
EndGlobal
